
Microsoft Visual Studio Solution File, Format Version 12.00
# Visual Studio Version 17
VisualStudioVersion = 17.8.34330.188
MinimumVisualStudioVersion = 10.0.40219.1
Project("{FAE04EC0-301F-11D3-BF4B-00C04F79EFBC}") = "WpfApp", "WpfApp\WpfApp.csproj", "{DE2E0009-E377-4937-9371-168266A98618}"
EndProject
Global
	GlobalSection(SolutionConfigurationPlatforms) = preSolution
		Debug|Any CPU = Debug|Any CPU
		Release|Any CPU = Release|Any CPU
	EndGlobalSection
	GlobalSection(ProjectConfigurationPlatforms) = postSolution
		{DE2E0009-E377-4937-9371-168266A98618}.Debug|Any CPU.ActiveCfg = Debug|Any CPU
		{DE2E0009-E377-4937-9371-168266A98618}.Debug|Any CPU.Build.0 = Debug|Any CPU
		{DE2E0009-E377-4937-9371-168266A98618}.Release|Any CPU.ActiveCfg = Release|Any CPU
		{DE2E0009-E377-4937-9371-168266A98618}.Release|Any CPU.Build.0 = Release|Any CPU
	EndGlobalSection
	GlobalSection(SolutionProperties) = preSolution
		HideSolutionNode = FALSE
	EndGlobalSection
	GlobalSection(ExtensibilityGlobals) = postSolution
		SolutionGuid = {2DB392C7-9147-4582-8F06-C186B0FE83D4}
	EndGlobalSection
EndGlobal
